
Microsoft Visual Studio Solution File, Format Version 12.00
# Visual Studio 15
VisualStudioVersion = 15.0.28307.329
MinimumVisualStudioVersion = 10.0.40219.1
Project("{FAE04EC0-301F-11D3-BF4B-00C04F79EFBC}") = "App", "App.csproj", "{6F8767D4-E9BC-4748-99BB-2655364E4E36}"
EndProject
Project("{FAE04EC0-301F-11D3-BF4B-00C04F79EFBC}") = "App.BDD", "..\App.BDD\App.BDD.csproj", "{A8C11174-B7E5-4726-9584-099AB8E3A997}"
EndProject
Project("{FAE04EC0-301F-11D3-BF4B-00C04F79EFBC}") = "MorseEncoder", "..\MorseEncoder\MorseEncoder.csproj", "{3A7D3381-8F71-4064-9F76-6BBF6638292A}"
EndProject
Project("{FAE04EC0-301F-11D3-BF4B-00C04F79EFBC}") = "MorseEncoder.Test", "..\MorseEncoder.Test\MorseEncoder.Test.csproj", "{6688EF78-1EC9-42B9-BC43-EC1BAAEFBF0A}"
EndProject
Project("{FAE04EC0-301F-11D3-BF4B-00C04F79EFBC}") = "MorseViewController.Test", "..\MorseViewController.Test\MorseViewController.Test.csproj", "{CE7034A8-75D8-40DA-89F6-1C0A27FD627D}"
EndProject
Project("{FAE04EC0-301F-11D3-BF4B-00C04F79EFBC}") = "Beeper", "..\Beeper\Beeper.csproj", "{95826517-1462-43EA-AA7C-A4C0EC352F2C}"
EndProject
Project("{FAE04EC0-301F-11D3-BF4B-00C04F79EFBC}") = "Beeper.Test", "..\Beeper.Test\Beeper.Test.csproj", "{067B774B-B541-4B74-B03A-472675E403BB}"
EndProject
Global
	GlobalSection(SolutionConfigurationPlatforms) = preSolution
		Debug|Any CPU = Debug|Any CPU
		Release|Any CPU = Release|Any CPU
	EndGlobalSection
	GlobalSection(ProjectConfigurationPlatforms) = postSolution
		{6F8767D4-E9BC-4748-99BB-2655364E4E36}.Debug|Any CPU.ActiveCfg = Debug|Any CPU
		{6F8767D4-E9BC-4748-99BB-2655364E4E36}.Debug|Any CPU.Build.0 = Debug|Any CPU
		{6F8767D4-E9BC-4748-99BB-2655364E4E36}.Release|Any CPU.ActiveCfg = Release|Any CPU
		{6F8767D4-E9BC-4748-99BB-2655364E4E36}.Release|Any CPU.Build.0 = Release|Any CPU
		{A8C11174-B7E5-4726-9584-099AB8E3A997}.Debug|Any CPU.ActiveCfg = Debug|Any CPU
		{A8C11174-B7E5-4726-9584-099AB8E3A997}.Debug|Any CPU.Build.0 = Debug|Any CPU
		{A8C11174-B7E5-4726-9584-099AB8E3A997}.Release|Any CPU.ActiveCfg = Release|Any CPU
		{A8C11174-B7E5-4726-9584-099AB8E3A997}.Release|Any CPU.Build.0 = Release|Any CPU
		{3A7D3381-8F71-4064-9F76-6BBF6638292A}.Debug|Any CPU.ActiveCfg = Debug|Any CPU
		{3A7D3381-8F71-4064-9F76-6BBF6638292A}.Debug|Any CPU.Build.0 = Debug|Any CPU
		{3A7D3381-8F71-4064-9F76-6BBF6638292A}.Release|Any CPU.ActiveCfg = Release|Any CPU
		{3A7D3381-8F71-4064-9F76-6BBF6638292A}.Release|Any CPU.Build.0 = Release|Any CPU
		{6688EF78-1EC9-42B9-BC43-EC1BAAEFBF0A}.Debug|Any CPU.ActiveCfg = Debug|Any CPU
		{6688EF78-1EC9-42B9-BC43-EC1BAAEFBF0A}.Debug|Any CPU.Build.0 = Debug|Any CPU
		{6688EF78-1EC9-42B9-BC43-EC1BAAEFBF0A}.Release|Any CPU.ActiveCfg = Release|Any CPU
		{6688EF78-1EC9-42B9-BC43-EC1BAAEFBF0A}.Release|Any CPU.Build.0 = Release|Any CPU
		{CE7034A8-75D8-40DA-89F6-1C0A27FD627D}.Debug|Any CPU.ActiveCfg = Debug|Any CPU
		{CE7034A8-75D8-40DA-89F6-1C0A27FD627D}.Debug|Any CPU.Build.0 = Debug|Any CPU
		{CE7034A8-75D8-40DA-89F6-1C0A27FD627D}.Release|Any CPU.ActiveCfg = Release|Any CPU
		{CE7034A8-75D8-40DA-89F6-1C0A27FD627D}.Release|Any CPU.Build.0 = Release|Any CPU
		{95826517-1462-43EA-AA7C-A4C0EC352F2C}.Debug|Any CPU.ActiveCfg = Debug|Any CPU
		{95826517-1462-43EA-AA7C-A4C0EC352F2C}.Debug|Any CPU.Build.0 = Debug|Any CPU
		{95826517-1462-43EA-AA7C-A4C0EC352F2C}.Release|Any CPU.ActiveCfg = Release|Any CPU
		{95826517-1462-43EA-AA7C-A4C0EC352F2C}.Release|Any CPU.Build.0 = Release|Any CPU
		{067B774B-B541-4B74-B03A-472675E403BB}.Debug|Any CPU.ActiveCfg = Debug|Any CPU
		{067B774B-B541-4B74-B03A-472675E403BB}.Debug|Any CPU.Build.0 = Debug|Any CPU
		{067B774B-B541-4B74-B03A-472675E403BB}.Release|Any CPU.ActiveCfg = Release|Any CPU
		{067B774B-B541-4B74-B03A-472675E403BB}.Release|Any CPU.Build.0 = Release|Any CPU
	EndGlobalSection
	GlobalSection(SolutionProperties) = preSolution
		HideSolutionNode = FALSE
	EndGlobalSection
	GlobalSection(ExtensibilityGlobals) = postSolution
		SolutionGuid = {A0C04767-DBEE-4643-A17F-7FA4B502AFD5}
	EndGlobalSection
EndGlobal
